
Microsoft Visual Studio Solution File, Format Version 12.00
# Visual Studio Version 17
VisualStudioVersion = 17.1.32328.378
MinimumVisualStudioVersion = 10.0.40219.1
Project("{9A19103F-16F7-4668-BE54-9A1E7A4F7556}") = "Book_Of_Thoth", "Book_Of_Thoth.csproj", "{033AB28B-4302-4182-BB6E-1B1588B5DC38}"
EndProject
Project("{9A19103F-16F7-4668-BE54-9A1E7A4F7556}") = "PokeApiNet", "C:\Users\Terore\Downloads\PokeApiNet-master\PokeApiNet-master\PokeApiNet\PokeApiNet.csproj", "{1B795BA3-80C4-4078-A09E-02AB489258EE}"
EndProject
Global
	GlobalSection(SolutionConfigurationPlatforms) = preSolution
		Debug|Any CPU = Debug|Any CPU
		Release|Any CPU = Release|Any CPU
	EndGlobalSection
	GlobalSection(ProjectConfigurationPlatforms) = postSolution
		{033AB28B-4302-4182-BB6E-1B1588B5DC38}.Debug|Any CPU.ActiveCfg = Debug|Any CPU
		{033AB28B-4302-4182-BB6E-1B1588B5DC38}.Debug|Any CPU.Build.0 = Debug|Any CPU
		{033AB28B-4302-4182-BB6E-1B1588B5DC38}.Release|Any CPU.ActiveCfg = Release|Any CPU
		{033AB28B-4302-4182-BB6E-1B1588B5DC38}.Release|Any CPU.Build.0 = Release|Any CPU
		{1B795BA3-80C4-4078-A09E-02AB489258EE}.Debug|Any CPU.ActiveCfg = Debug|Any CPU
		{1B795BA3-80C4-4078-A09E-02AB489258EE}.Debug|Any CPU.Build.0 = Debug|Any CPU
		{1B795BA3-80C4-4078-A09E-02AB489258EE}.Release|Any CPU.ActiveCfg = Release|Any CPU
		{1B795BA3-80C4-4078-A09E-02AB489258EE}.Release|Any CPU.Build.0 = Release|Any CPU
	EndGlobalSection
	GlobalSection(SolutionProperties) = preSolution
		HideSolutionNode = FALSE
	EndGlobalSection
	GlobalSection(ExtensibilityGlobals) = postSolution
		SolutionGuid = {DF4E76CF-4237-44A9-A90C-8356B60785E2}
	EndGlobalSection
EndGlobal
